// !$*UTF8*$!
{
	archiveVersion = 1;
	classes = {
	};
	objectVersion = 55;
	objects = {

/* Begin PBXBuildFile section */
		1862AD2E27DB6A0B000DB803 /* AppDelegate.swift in Sources */ = {isa = PBXBuildFile; fileRef = 1862AD2D27DB6A0B000DB803 /* AppDelegate.swift */; };
		1862AD3027DB6A0B000DB803 /* SceneDelegate.swift in Sources */ = {isa = PBXBuildFile; fileRef = 1862AD2F27DB6A0B000DB803 /* SceneDelegate.swift */; };
		1862AD3227DB6A0B000DB803 /* ViewController.swift in Sources */ = {isa = PBXBuildFile; fileRef = 1862AD3127DB6A0B000DB803 /* ViewController.swift */; };
		1862AD3527DB6A0B000DB803 /* Main.storyboard in Resources */ = {isa = PBXBuildFile; fileRef = 1862AD3327DB6A0B000DB803 /* Main.storyboard */; };
		1862AD3727DB6A0C000DB803 /* Assets.xcassets in Resources */ = {isa = PBXBuildFile; fileRef = 1862AD3627DB6A0C000DB803 /* Assets.xcassets */; };
		1862AD3A27DB6A0C000DB803 /* LaunchScreen.storyboard in Resources */ = {isa = PBXBuildFile; fileRef = 1862AD3827DB6A0C000DB803 /* LaunchScreen.storyboard */; };
		1862AD4227DB7F42000DB803 /* ListViewController.swift in Sources */ = {isa = PBXBuildFile; fileRef = 1862AD4127DB7F42000DB803 /* ListViewController.swift */; };
		1862AD4427DD8CB9000DB803 /* MovieVO.swift in Sources */ = {isa = PBXBuildFile; fileRef = 1862AD4327DD8CB9000DB803 /* MovieVO.swift */; };
		186C7DAF27F6DCB100259384 /* list.png in Resources */ = {isa = PBXBuildFile; fileRef = 186C7DAD27F6DCB100259384 /* list.png */; };
		186C7DB027F6DCB100259384 /* trailer.png in Resources */ = {isa = PBXBuildFile; fileRef = 186C7DAE27F6DCB100259384 /* trailer.png */; };
		186C7DB227F7198800259384 /* TheaterCell.swift in Sources */ = {isa = PBXBuildFile; fileRef = 186C7DB127F7198800259384 /* TheaterCell.swift */; };
		186C7DB427F71A2F00259384 /* TheaterListController.swift in Sources */ = {isa = PBXBuildFile; fileRef = 186C7DB327F71A2F00259384 /* TheaterListController.swift */; };
		186C7DB727F7255B00259384 /* MapKit.framework in Frameworks */ = {isa = PBXBuildFile; fileRef = 186C7DB627F7255B00259384 /* MapKit.framework */; };
		186C7DB927F725B200259384 /* TheaterViewController.swift in Sources */ = {isa = PBXBuildFile; fileRef = 186C7DB827F725B200259384 /* TheaterViewController.swift */; };
		187328D727EFAFB80071263F /* MovieCell.swift in Sources */ = {isa = PBXBuildFile; fileRef = 187328D627EFAFB80071263F /* MovieCell.swift */; };
		187328DC27EFFFE80071263F /* secret.jpeg in Resources */ = {isa = PBXBuildFile; fileRef = 187328D927EFFFE80071263F /* secret.jpeg */; };
		187328DD27EFFFE80071263F /* darknight.jpeg in Resources */ = {isa = PBXBuildFile; fileRef = 187328DA27EFFFE80071263F /* darknight.jpeg */; };
		187328DE27EFFFE80071263F /* rain.jpeg in Resources */ = {isa = PBXBuildFile; fileRef = 187328DB27EFFFE80071263F /* rain.jpeg */; };
		189BDCFA27F5A6B700216E08 /* DetailViewController.swift in Sources */ = {isa = PBXBuildFile; fileRef = 189BDCF927F5A6B700216E08 /* DetailViewController.swift */; };
/* End PBXBuildFile section */

/* Begin PBXFileReference section */
		1862AD2A27DB6A0B000DB803 /* MoonMovieChart.app */ = {isa = PBXFileReference; explicitFileType = wrapper.application; includeInIndex = 0; path = MoonMovieChart.app; sourceTree = BUILT_PRODUCTS_DIR; };
		1862AD2D27DB6A0B000DB803 /* AppDelegate.swift */ = {isa = PBXFileReference; lastKnownFileType = sourcecode.swift; path = AppDelegate.swift; sourceTree = "<group>"; };
		1862AD2F27DB6A0B000DB803 /* SceneDelegate.swift */ = {isa = PBXFileReference; lastKnownFileType = sourcecode.swift; path = SceneDelegate.swift; sourceTree = "<group>"; };
		1862AD3127DB6A0B000DB803 /* ViewController.swift */ = {isa = PBXFileReference; lastKnownFileType = sourcecode.swift; path = ViewController.swift; sourceTree = "<group>"; };
		1862AD3427DB6A0B000DB803 /* Base */ = {isa = PBXFileReference; lastKnownFileType = file.storyboard; name = Base; path = Base.lproj/Main.storyboard; sourceTree = "<group>"; };
		1862AD3627DB6A0C000DB803 /* Assets.xcassets */ = {isa = PBXFileReference; lastKnownFileType = folder.assetcatalog; path = Assets.xcassets; sourceTree = "<group>"; };
		1862AD3927DB6A0C000DB803 /* Base */ = {isa = PBXFileReference; lastKnownFileType = file.storyboard; name = Base; path = Base.lproj/LaunchScreen.storyboard; sourceTree = "<group>"; };
		1862AD3B27DB6A0C000DB803 /* Info.plist */ = {isa = PBXFileReference; lastKnownFileType = text.plist.xml; path = Info.plist; sourceTree = "<group>"; };
		1862AD4127DB7F42000DB803 /* ListViewController.swift */ = {isa = PBXFileReference; lastKnownFileType = sourcecode.swift; path = ListViewController.swift; sourceTree = "<group>"; };
		1862AD4327DD8CB9000DB803 /* MovieVO.swift */ = {isa = PBXFileReference; lastKnownFileType = sourcecode.swift; path = MovieVO.swift; sourceTree = "<group>"; };
		186C7DAD27F6DCB100259384 /* list.png */ = {isa = PBXFileReference; lastKnownFileType = image.png; path = list.png; sourceTree = "<group>"; };
		186C7DAE27F6DCB100259384 /* trailer.png */ = {isa = PBXFileReference; lastKnownFileType = image.png; path = trailer.png; sourceTree = "<group>"; };
		186C7DB127F7198800259384 /* TheaterCell.swift */ = {isa = PBXFileReference; lastKnownFileType = sourcecode.swift; path = TheaterCell.swift; sourceTree = "<group>"; };
		186C7DB327F71A2F00259384 /* TheaterListController.swift */ = {isa = PBXFileReference; lastKnownFileType = sourcecode.swift; path = TheaterListController.swift; sourceTree = "<group>"; };
		186C7DB627F7255B00259384 /* MapKit.framework */ = {isa = PBXFileReference; lastKnownFileType = wrapper.framework; name = MapKit.framework; path = System/Library/Frameworks/MapKit.framework; sourceTree = SDKROOT; };
		186C7DB827F725B200259384 /* TheaterViewController.swift */ = {isa = PBXFileReference; lastKnownFileType = sourcecode.swift; path = TheaterViewController.swift; sourceTree = "<group>"; };
		187328D627EFAFB80071263F /* MovieCell.swift */ = {isa = PBXFileReference; lastKnownFileType = sourcecode.swift; path = MovieCell.swift; sourceTree = "<group>"; };
		187328D927EFFFE80071263F /* secret.jpeg */ = {isa = PBXFileReference; lastKnownFileType = image.jpeg; path = secret.jpeg; sourceTree = "<group>"; };
		187328DA27EFFFE80071263F /* darknight.jpeg */ = {isa = PBXFileReference; lastKnownFileType = image.jpeg; path = darknight.jpeg; sourceTree = "<group>"; };
		187328DB27EFFFE80071263F /* rain.jpeg */ = {isa = PBXFileReference; lastKnownFileType = image.jpeg; path = rain.jpeg; sourceTree = "<group>"; };
		189BDCF927F5A6B700216E08 /* DetailViewController.swift */ = {isa = PBXFileReference; lastKnownFileType = sourcecode.swift; path = DetailViewController.swift; sourceTree = "<group>"; };
/* End PBXFileReference section */

/* Begin PBXFrameworksBuildPhase section */
		1862AD2727DB6A0B000DB803 /* Frameworks */ = {
			isa = PBXFrameworksBuildPhase;
			buildActionMask = 2147483647;
			files = (
				186C7DB727F7255B00259384 /* MapKit.framework in Frameworks */,
			);
			runOnlyForDeploymentPostprocessing = 0;
		};
/* End PBXFrameworksBuildPhase section */

/* Begin PBXGroup section */
		1862AD2127DB6A0B000DB803 = {
			isa = PBXGroup;
			children = (
				1862AD2C27DB6A0B000DB803 /* MoonMovieChart */,
				1862AD2B27DB6A0B000DB803 /* Products */,
				186C7DB527F7255B00259384 /* Frameworks */,
			);
			sourceTree = "<group>";
		};
		1862AD2B27DB6A0B000DB803 /* Products */ = {
			isa = PBXGroup;
			children = (
				1862AD2A27DB6A0B000DB803 /* MoonMovieChart.app */,
			);
			name = Products;
			sourceTree = "<group>";
		};
		1862AD2C27DB6A0B000DB803 /* MoonMovieChart */ = {
			isa = PBXGroup;
			children = (
				187328D827EFFDF00071263F /* Resources */,
				1862AD2D27DB6A0B000DB803 /* AppDelegate.swift */,
				1862AD2F27DB6A0B000DB803 /* SceneDelegate.swift */,
				1862AD3127DB6A0B000DB803 /* ViewController.swift */,
				1862AD3327DB6A0B000DB803 /* Main.storyboard */,
				1862AD4327DD8CB9000DB803 /* MovieVO.swift */,
				1862AD3627DB6A0C000DB803 /* Assets.xcassets */,
				1862AD3827DB6A0C000DB803 /* LaunchScreen.storyboard */,
				1862AD3B27DB6A0C000DB803 /* Info.plist */,
				1862AD4127DB7F42000DB803 /* ListViewController.swift */,
				187328D627EFAFB80071263F /* MovieCell.swift */,
				189BDCF927F5A6B700216E08 /* DetailViewController.swift */,
				186C7DB127F7198800259384 /* TheaterCell.swift */,
				186C7DB327F71A2F00259384 /* TheaterListController.swift */,
				186C7DB827F725B200259384 /* TheaterViewController.swift */,
			);
			path = MoonMovieChart;
			sourceTree = "<group>";
		};
		186C7DB527F7255B00259384 /* Frameworks */ = {
			isa = PBXGroup;
			children = (
				186C7DB627F7255B00259384 /* MapKit.framework */,
			);
			name = Frameworks;
			sourceTree = "<group>";
		};
		187328D827EFFDF00071263F /* Resources */ = {
			isa = PBXGroup;
			children = (
				186C7DAD27F6DCB100259384 /* list.png */,
				186C7DAE27F6DCB100259384 /* trailer.png */,
				187328DA27EFFFE80071263F /* darknight.jpeg */,
				187328DB27EFFFE80071263F /* rain.jpeg */,
				187328D927EFFFE80071263F /* secret.jpeg */,
			);
			path = Resources;
			sourceTree = "<group>";
		};
/* End PBXGroup section */

/* Begin PBXNativeTarget section */
		1862AD2927DB6A0B000DB803 /* MoonMovieChart */ = {
			isa = PBXNativeTarget;
			buildConfigurationList = 1862AD3E27DB6A0C000DB803 /* Build configuration list for PBXNativeTarget "MoonMovieChart" */;
			buildPhases = (
				1862AD2627DB6A0B000DB803 /* Sources */,
				1862AD2727DB6A0B000DB803 /* Frameworks */,
				1862AD2827DB6A0B000DB803 /* Resources */,
			);
			buildRules = (
			);
			dependencies = (
			);
			name = MoonMovieChart;
			productName = MoonMovieChart;
			productReference = 1862AD2A27DB6A0B000DB803 /* MoonMovieChart.app */;
			productType = "com.apple.product-type.application";
		};
/* End PBXNativeTarget section */

/* Begin PBXProject section */
		1862AD2227DB6A0B000DB803 /* Project object */ = {
			isa = PBXProject;
			attributes = {
				BuildIndependentTargetsInParallel = 1;
				LastSwiftUpdateCheck = 1320;
				LastUpgradeCheck = 1320;
				TargetAttributes = {
					1862AD2927DB6A0B000DB803 = {
						CreatedOnToolsVersion = 13.2.1;
					};
				};
			};
			buildConfigurationList = 1862AD2527DB6A0B000DB803 /* Build configuration list for PBXProject "MoonMovieChart" */;
			compatibilityVersion = "Xcode 13.0";
			developmentRegion = en;
			hasScannedForEncodings = 0;
			knownRegions = (
				en,
				Base,
			);
			mainGroup = 1862AD2127DB6A0B000DB803;
			productRefGroup = 1862AD2B27DB6A0B000DB803 /* Products */;
			projectDirPath = "";
			projectRoot = "";
			targets = (
				1862AD2927DB6A0B000DB803 /* MoonMovieChart */,
			);
		};
/* End PBXProject section */

/* Begin PBXResourcesBuildPhase section */
		1862AD2827DB6A0B000DB803 /* Resources */ = {
			isa = PBXResourcesBuildPhase;
			buildActionMask = 2147483647;
			files = (
				186C7DAF27F6DCB100259384 /* list.png in Resources */,
				186C7DB027F6DCB100259384 /* trailer.png in Resources */,
				1862AD3A27DB6A0C000DB803 /* LaunchScreen.storyboard in Resources */,
				187328DE27EFFFE80071263F /* rain.jpeg in Resources */,
				187328DC27EFFFE80071263F /* secret.jpeg in Resources */,
				187328DD27EFFFE80071263F /* darknight.jpeg in Resources */,
				1862AD3727DB6A0C000DB803 /* Assets.xcassets in Resources */,
				1862AD3527DB6A0B000DB803 /* Main.storyboard in Resources */,
			);
			runOnlyForDeploymentPostprocessing = 0;
		};
/* End PBXResourcesBuildPhase section */

/* Begin PBXSourcesBuildPhase section */
		1862AD2627DB6A0B000DB803 /* Sources */ = {
			isa = PBXSourcesBuildPhase;
			buildActionMask = 2147483647;
			files = (
				1862AD3227DB6A0B000DB803 /* ViewController.swift in Sources */,
				186C7DB227F7198800259384 /* TheaterCell.swift in Sources */,
				1862AD2E27DB6A0B000DB803 /* AppDelegate.swift in Sources */,
				187328D727EFAFB80071263F /* MovieCell.swift in Sources */,
				1862AD4227DB7F42000DB803 /* ListViewController.swift in Sources */,
				186C7DB427F71A2F00259384 /* TheaterListController.swift in Sources */,
				1862AD3027DB6A0B000DB803 /* SceneDelegate.swift in Sources */,
				1862AD4427DD8CB9000DB803 /* MovieVO.swift in Sources */,
				186C7DB927F725B200259384 /* TheaterViewController.swift in Sources */,
				189BDCFA27F5A6B700216E08 /* DetailViewController.swift in Sources */,
			);
			runOnlyForDeploymentPostprocessing = 0;
		};
/* End PBXSourcesBuildPhase section */

/* Begin PBXVariantGroup section */
		1862AD3327DB6A0B000DB803 /* Main.storyboard */ = {
			isa = PBXVariantGroup;
			children = (
				1862AD3427DB6A0B000DB803 /* Base */,
			);
			name = Main.storyboard;
			sourceTree = "<group>";
		};
		1862AD3827DB6A0C000DB803 /* LaunchScreen.storyboard */ = {
			isa = PBXVariantGroup;
			children = (
				1862AD3927DB6A0C000DB803 /* Base */,
			);
			name = LaunchScreen.storyboard;
			sourceTree = "<group>";
		};
/* End PBXVariantGroup section */

/* Begin XCBuildConfiguration section */
		1862AD3C27DB6A0C000DB803 /* Debug */ = {
			isa = XCBuildConfiguration;
			buildSettings = {
				ALWAYS_SEARCH_USER_PATHS = NO;
				CLANG_ANALYZER_NONNULL = YES;
				CLANG_ANALYZER_NUMBER_OBJECT_CONVERSION = YES_AGGRESSIVE;
				CLANG_CXX_LANGUAGE_STANDARD = "gnu++17";
				CLANG_CXX_LIBRARY = "libc++";
				CLANG_ENABLE_MODULES = YES;
				CLANG_ENABLE_OBJC_ARC = YES;
				CLANG_ENABLE_OBJC_WEAK = YES;
				CLANG_WARN_BLOCK_CAPTURE_AUTORELEASING = YES;
				CLANG_WARN_BOOL_CONVERSION = YES;
				CLANG_WARN_COMMA = YES;
				CLANG_WARN_CONSTANT_CONVERSION = YES;
				CLANG_WARN_DEPRECATED_OBJC_IMPLEMENTATIONS = YES;
				CLANG_WARN_DIRECT_OBJC_ISA_USAGE = YES_ERROR;
				CLANG_WARN_DOCUMENTATION_COMMENTS = YES;
				CLANG_WARN_EMPTY_BODY = YES;
				CLANG_WARN_ENUM_CONVERSION = YES;
				CLANG_WARN_INFINITE_RECURSION = YES;
				CLANG_WARN_INT_CONVERSION = YES;
				CLANG_WARN_NON_LITERAL_NULL_CONVERSION = YES;
				CLANG_WARN_OBJC_IMPLICIT_RETAIN_SELF = YES;
				CLANG_WARN_OBJC_LITERAL_CONVERSION = YES;
				CLANG_WARN_OBJC_ROOT_CLASS = YES_ERROR;
				CLANG_WARN_QUOTED_INCLUDE_IN_FRAMEWORK_HEADER = YES;
				CLANG_WARN_RANGE_LOOP_ANALYSIS = YES;
				CLANG_WARN_STRICT_PROTOTYPES = YES;
				CLANG_WARN_SUSPICIOUS_MOVE = YES;
				CLANG_WARN_UNGUARDED_AVAILABILITY = YES_AGGRESSIVE;
				CLANG_WARN_UNREACHABLE_CODE = YES;
				CLANG_WARN__DUPLICATE_METHOD_MATCH = YES;
				COPY_PHASE_STRIP = NO;
				DEBUG_INFORMATION_FORMAT = dwarf;
				ENABLE_STRICT_OBJC_MSGSEND = YES;
				ENABLE_TESTABILITY = YES;
				GCC_C_LANGUAGE_STANDARD = gnu11;
				GCC_DYNAMIC_NO_PIC = NO;
				GCC_NO_COMMON_BLOCKS = YES;
				GCC_OPTIMIZATION_LEVEL = 0;
				GCC_PREPROCESSOR_DEFINITIONS = (
					"DEBUG=1",
					"$(inherited)",
				);
				GCC_WARN_64_TO_32_BIT_CONVERSION = YES;
				GCC_WARN_ABOUT_RETURN_TYPE = YES_ERROR;
				GCC_WARN_UNDECLARED_SELECTOR = YES;
				GCC_WARN_UNINITIALIZED_AUTOS = YES_AGGRESSIVE;
				GCC_WARN_UNUSED_FUNCTION = YES;
				GCC_WARN_UNUSED_VARIABLE = YES;
				IPHONEOS_DEPLOYMENT_TARGET = 15.2;
				MTL_ENABLE_DEBUG_INFO = INCLUDE_SOURCE;
				MTL_FAST_MATH = YES;
				ONLY_ACTIVE_ARCH = YES;
				SDKROOT = iphoneos;
				SWIFT_ACTIVE_COMPILATION_CONDITIONS = DEBUG;
				SWIFT_OPTIMIZATION_LEVEL = "-Onone";
			};
			name = Debug;
		};
		1862AD3D27DB6A0C000DB803 /* Release */ = {
			isa = XCBuildConfiguration;
			buildSettings = {
				ALWAYS_SEARCH_USER_PATHS = NO;
				CLANG_ANALYZER_NONNULL = YES;
				CLANG_ANALYZER_NUMBER_OBJECT_CONVERSION = YES_AGGRESSIVE;
				CLANG_CXX_LANGUAGE_STANDARD = "gnu++17";
				CLANG_CXX_LIBRARY = "libc++";
				CLANG_ENABLE_MODULES = YES;
				CLANG_ENABLE_OBJC_ARC = YES;
				CLANG_ENABLE_OBJC_WEAK = YES;
				CLANG_WARN_BLOCK_CAPTURE_AUTORELEASING = YES;
				CLANG_WARN_BOOL_CONVERSION = YES;
				CLANG_WARN_COMMA = YES;
				CLANG_WARN_CONSTANT_CONVERSION = YES;
				CLANG_WARN_DEPRECATED_OBJC_IMPLEMENTATIONS = YES;
				CLANG_WARN_DIRECT_OBJC_ISA_USAGE = YES_ERROR;
				CLANG_WARN_DOCUMENTATION_COMMENTS = YES;
				CLANG_WARN_EMPTY_BODY = YES;
				CLANG_WARN_ENUM_CONVERSION = YES;
				CLANG_WARN_INFINITE_RECURSION = YES;
				CLANG_WARN_INT_CONVERSION = YES;
				CLANG_WARN_NON_LITERAL_NULL_CONVERSION = YES;
				CLANG_WARN_OBJC_IMPLICIT_RETAIN_SELF = YES;
				CLANG_WARN_OBJC_LITERAL_CONVERSION = YES;
				CLANG_WARN_OBJC_ROOT_CLASS = YES_ERROR;
				CLANG_WARN_QUOTED_INCLUDE_IN_FRAMEWORK_HEADER = YES;
				CLANG_WARN_RANGE_LOOP_ANALYSIS = YES;
				CLANG_WARN_STRICT_PROTOTYPES = YES;
				CLANG_WARN_SUSPICIOUS_MOVE = YES;
				CLANG_WARN_UNGUARDED_AVAILABILITY = YES_AGGRESSIVE;
				CLANG_WARN_UNREACHABLE_CODE = YES;
				CLANG_WARN__DUPLICATE_METHOD_MATCH = YES;
				COPY_PHASE_STRIP = NO;
				DEBUG_INFORMATION_FORMAT = "dwarf-with-dsym";
				ENABLE_NS_ASSERTIONS = NO;
				ENABLE_STRICT_OBJC_MSGSEND = YES;
				GCC_C_LANGUAGE_STANDARD = gnu11;
				GCC_NO_COMMON_BLOCKS = YES;
				GCC_WARN_64_TO_32_BIT_CONVERSION = YES;
				GCC_WARN_ABOUT_RETURN_TYPE = YES_ERROR;
				GCC_WARN_UNDECLARED_SELECTOR = YES;
				GCC_WARN_UNINITIALIZED_AUTOS = YES_AGGRESSIVE;
				GCC_WARN_UNUSED_FUNCTION = YES;
				GCC_WARN_UNUSED_VARIABLE = YES;
				IPHONEOS_DEPLOYMENT_TARGET = 15.2;
				MTL_ENABLE_DEBUG_INFO = NO;
				MTL_FAST_MATH = YES;
				SDKROOT = iphoneos;
				SWIFT_COMPILATION_MODE = wholemodule;
				SWIFT_OPTIMIZATION_LEVEL = "-O";
				VALIDATE_PRODUCT = YES;
			};
			name = Release;
		};
		1862AD3F27DB6A0C000DB803 /* Debug */ = {
			isa = XCBuildConfiguration;
			buildSettings = {
				ASSETCATALOG_COMPILER_APPICON_NAME = AppIcon;
				ASSETCATALOG_COMPILER_GLOBAL_ACCENT_COLOR_NAME = AccentColor;
				CODE_SIGN_STYLE = Automatic;
				CURRENT_PROJECT_VERSION = 1;
				DEVELOPMENT_TEAM = 99GVN73P2U;
				GENERATE_INFOPLIST_FILE = YES;
				INFOPLIST_FILE = MoonMovieChart/Info.plist;
				INFOPLIST_KEY_UIApplicationSupportsIndirectInputEvents = YES;
				INFOPLIST_KEY_UILaunchStoryboardName = LaunchScreen;
				INFOPLIST_KEY_UIMainStoryboardFile = Main;
				INFOPLIST_KEY_UISupportedInterfaceOrientations_iPad = "UIInterfaceOrientationPortrait UIInterfaceOrientationPortraitUpsideDown UIInterfaceOrientationLandscapeLeft UIInterfaceOrientationLandscapeRight";
				INFOPLIST_KEY_UISupportedInterfaceOrientations_iPhone = "UIInterfaceOrientationPortrait UIInterfaceOrientationLandscapeLeft UIInterfaceOrientationLandscapeRight";
				LD_RUNPATH_SEARCH_PATHS = (
					"$(inherited)",
					"@executable_path/Frameworks",
				);
				MARKETING_VERSION = 1.0;
				PRODUCT_BUNDLE_IDENTIFIER = Moon.MoonMovieChart;
				PRODUCT_NAME = "$(TARGET_NAME)";
				SWIFT_EMIT_LOC_STRINGS = YES;
				SWIFT_VERSION = 5.0;
				TARGETED_DEVICE_FAMILY = "1,2";
			};
			name = Debug;
		};
		1862AD4027DB6A0C000DB803 /* Release */ = {
			isa = XCBuildConfiguration;
			buildSettings = {
				ASSETCATALOG_COMPILER_APPICON_NAME = AppIcon;
				ASSETCATALOG_COMPILER_GLOBAL_ACCENT_COLOR_NAME = AccentColor;
				CODE_SIGN_STYLE = Automatic;
				CURRENT_PROJECT_VERSION = 1;
				DEVELOPMENT_TEAM = 99GVN73P2U;
				GENERATE_INFOPLIST_FILE = YES;
				INFOPLIST_FILE = MoonMovieChart/Info.plist;
				INFOPLIST_KEY_UIApplicationSupportsIndirectInputEvents = YES;
				INFOPLIST_KEY_UILaunchStoryboardName = LaunchScreen;
				INFOPLIST_KEY_UIMainStoryboardFile = Main;
				INFOPLIST_KEY_UISupportedInterfaceOrientations_iPad = "UIInterfaceOrientationPortrait UIInterfaceOrientationPortraitUpsideDown UIInterfaceOrientationLandscapeLeft UIInterfaceOrientationLandscapeRight";
				INFOPLIST_KEY_UISupportedInterfaceOrientations_iPhone = "UIInterfaceOrientationPortrait UIInterfaceOrientationLandscapeLeft UIInterfaceOrientationLandscapeRight";
				LD_RUNPATH_SEARCH_PATHS = (
					"$(inherited)",
					"@executable_path/Frameworks",
				);
				MARKETING_VERSION = 1.0;
				PRODUCT_BUNDLE_IDENTIFIER = Moon.MoonMovieChart;
				PRODUCT_NAME = "$(TARGET_NAME)";
				SWIFT_EMIT_LOC_STRINGS = YES;
				SWIFT_VERSION = 5.0;
				TARGETED_DEVICE_FAMILY = "1,2";
			};
			name = Release;
		};
/* End XCBuildConfiguration section */

/* Begin XCConfigurationList section */
		1862AD2527DB6A0B000DB803 /* Build configuration list for PBXProject "MoonMovieChart" */ = {
			isa = XCConfigurationList;
			buildConfigurations = (
				1862AD3C27DB6A0C000DB803 /* Debug */,
				1862AD3D27DB6A0C000DB803 /* Release */,
			);
			defaultConfigurationIsVisible = 0;
			defaultConfigurationName = Release;
		};
		1862AD3E27DB6A0C000DB803 /* Build configuration list for PBXNativeTarget "MoonMovieChart" */ = {
			isa = XCConfigurationList;
			buildConfigurations = (
				1862AD3F27DB6A0C000DB803 /* Debug */,
				1862AD4027DB6A0C000DB803 /* Release */,
			);
			defaultConfigurationIsVisible = 0;
			defaultConfigurationName = Release;
		};
/* End XCConfigurationList section */
	};
	rootObject = 1862AD2227DB6A0B000DB803 /* Project object */;
}
